// !$*UTF8*$!
{
	archiveVersion = 1;
	classes = {
	};
	objectVersion = 50;
	objects = {

/* Begin PBXBuildFile section */
		2AE5ED7B257634CA005F6374 /* AppDelegate.swift in Sources */ = {isa = PBXBuildFile; fileRef = 2AE5ED7A257634CA005F6374 /* AppDelegate.swift */; };
		2AE5ED7F257634CA005F6374 /* ViewController.swift in Sources */ = {isa = PBXBuildFile; fileRef = 2AE5ED7E257634CA005F6374 /* ViewController.swift */; };
		2AE5ED82257634CA005F6374 /* Main.storyboard in Resources */ = {isa = PBXBuildFile; fileRef = 2AE5ED80257634CA005F6374 /* Main.storyboard */; };
		2AE5ED84257634CB005F6374 /* Assets.xcassets in Resources */ = {isa = PBXBuildFile; fileRef = 2AE5ED83257634CB005F6374 /* Assets.xcassets */; };
		2AE5ED87257634CB005F6374 /* LaunchScreen.storyboard in Resources */ = {isa = PBXBuildFile; fileRef = 2AE5ED85257634CB005F6374 /* LaunchScreen.storyboard */; };
		53A715E75626AC4B2C0846DC /* Pods_ModuleCoreC.framework in Frameworks */ = {isa = PBXBuildFile; fileRef = A011167F3F1DA04A9D5C35F5 /* Pods_ModuleCoreC.framework */; };
/* End PBXBuildFile section */

/* Begin PBXFileReference section */
		2AE5ED77257634CA005F6374 /* ModuleCoreC.app */ = {isa = PBXFileReference; explicitFileType = wrapper.application; includeInIndex = 0; path = ModuleCoreC.app; sourceTree = BUILT_PRODUCTS_DIR; };
		2AE5ED7A257634CA005F6374 /* AppDelegate.swift */ = {isa = PBXFileReference; lastKnownFileType = sourcecode.swift; path = AppDelegate.swift; sourceTree = "<group>"; };
		2AE5ED7E257634CA005F6374 /* ViewController.swift */ = {isa = PBXFileReference; lastKnownFileType = sourcecode.swift; path = ViewController.swift; sourceTree = "<group>"; };
		2AE5ED81257634CA005F6374 /* Base */ = {isa = PBXFileReference; lastKnownFileType = file.storyboard; name = Base; path = Base.lproj/Main.storyboard; sourceTree = "<group>"; };
		2AE5ED83257634CB005F6374 /* Assets.xcassets */ = {isa = PBXFileReference; lastKnownFileType = folder.assetcatalog; path = Assets.xcassets; sourceTree = "<group>"; };
		2AE5ED86257634CB005F6374 /* Base */ = {isa = PBXFileReference; lastKnownFileType = file.storyboard; name = Base; path = Base.lproj/LaunchScreen.storyboard; sourceTree = "<group>"; };
		2AE5ED88257634CB005F6374 /* Info.plist */ = {isa = PBXFileReference; lastKnownFileType = text.plist.xml; path = Info.plist; sourceTree = "<group>"; };
		696BAE8F50DAF4049082821D /* Pods-ModuleCoreC.debug.xcconfig */ = {isa = PBXFileReference; includeInIndex = 1; lastKnownFileType = text.xcconfig; name = "Pods-ModuleCoreC.debug.xcconfig"; path = "Target Support Files/Pods-ModuleCoreC/Pods-ModuleCoreC.debug.xcconfig"; sourceTree = "<group>"; };
		A011167F3F1DA04A9D5C35F5 /* Pods_ModuleCoreC.framework */ = {isa = PBXFileReference; explicitFileType = wrapper.framework; includeInIndex = 0; path = Pods_ModuleCoreC.framework; sourceTree = BUILT_PRODUCTS_DIR; };
		BE700EBD2A11FEACE4FEE9E7 /* Pods-ModuleCoreC.release.xcconfig */ = {isa = PBXFileReference; includeInIndex = 1; lastKnownFileType = text.xcconfig; name = "Pods-ModuleCoreC.release.xcconfig"; path = "Target Support Files/Pods-ModuleCoreC/Pods-ModuleCoreC.release.xcconfig"; sourceTree = "<group>"; };
/* End PBXFileReference section */

/* Begin PBXFrameworksBuildPhase section */
		2AE5ED74257634CA005F6374 /* Frameworks */ = {
			isa = PBXFrameworksBuildPhase;
			buildActionMask = 2147483647;
			files = (
				53A715E75626AC4B2C0846DC /* Pods_ModuleCoreC.framework in Frameworks */,
			);
			runOnlyForDeploymentPostprocessing = 0;
		};
/* End PBXFrameworksBuildPhase section */

/* Begin PBXGroup section */
		2AE5ED6E257634CA005F6374 = {
			isa = PBXGroup;
			children = (
				2AE5ED79257634CA005F6374 /* ModuleCoreC */,
				2AE5ED78257634CA005F6374 /* Products */,
				D13BD53BF0B9CBA48C73195E /* Pods */,
				948B547DE8483E65006DC714 /* Frameworks */,
			);
			sourceTree = "<group>";
		};
		2AE5ED78257634CA005F6374 /* Products */ = {
			isa = PBXGroup;
			children = (
				2AE5ED77257634CA005F6374 /* ModuleCoreC.app */,
			);
			name = Products;
			sourceTree = "<group>";
		};
		2AE5ED79257634CA005F6374 /* ModuleCoreC */ = {
			isa = PBXGroup;
			children = (
				2AE5ED7A257634CA005F6374 /* AppDelegate.swift */,
				2AE5ED7E257634CA005F6374 /* ViewController.swift */,
				2AE5ED80257634CA005F6374 /* Main.storyboard */,
				2AE5ED83257634CB005F6374 /* Assets.xcassets */,
				2AE5ED85257634CB005F6374 /* LaunchScreen.storyboard */,
				2AE5ED88257634CB005F6374 /* Info.plist */,
			);
			path = ModuleCoreC;
			sourceTree = "<group>";
		};
		948B547DE8483E65006DC714 /* Frameworks */ = {
			isa = PBXGroup;
			children = (
				A011167F3F1DA04A9D5C35F5 /* Pods_ModuleCoreC.framework */,
			);
			name = Frameworks;
			sourceTree = "<group>";
		};
		D13BD53BF0B9CBA48C73195E /* Pods */ = {
			isa = PBXGroup;
			children = (
				696BAE8F50DAF4049082821D /* Pods-ModuleCoreC.debug.xcconfig */,
				BE700EBD2A11FEACE4FEE9E7 /* Pods-ModuleCoreC.release.xcconfig */,
			);
			path = Pods;
			sourceTree = "<group>";
		};
/* End PBXGroup section */

/* Begin PBXNativeTarget section */
		2AE5ED76257634CA005F6374 /* ModuleCoreC */ = {
			isa = PBXNativeTarget;
			buildConfigurationList = 2AE5ED8B257634CB005F6374 /* Build configuration list for PBXNativeTarget "ModuleCoreC" */;
			buildPhases = (
				098149793E2300F9880BC861 /* [CP] Check Pods Manifest.lock */,
				2AE5ED73257634CA005F6374 /* Sources */,
				2AE5ED74257634CA005F6374 /* Frameworks */,
				2AE5ED75257634CA005F6374 /* Resources */,
				DCF4B45BFF214953E210A837 /* [CP] Embed Pods Frameworks */,
			);
			buildRules = (
			);
			dependencies = (
			);
			name = ModuleCoreC;
			productName = ModuleCoreC;
			productReference = 2AE5ED77257634CA005F6374 /* ModuleCoreC.app */;
			productType = "com.apple.product-type.application";
		};
/* End PBXNativeTarget section */

/* Begin PBXProject section */
		2AE5ED6F257634CA005F6374 /* Project object */ = {
			isa = PBXProject;
			attributes = {
				LastSwiftUpdateCheck = 1130;
				LastUpgradeCheck = 1130;
				ORGANIZATIONNAME = yuchangcheng;
				TargetAttributes = {
					2AE5ED76257634CA005F6374 = {
						CreatedOnToolsVersion = 11.3.1;
					};
				};
			};
			buildConfigurationList = 2AE5ED72257634CA005F6374 /* Build configuration list for PBXProject "ModuleCoreC" */;
			compatibilityVersion = "Xcode 9.3";
			developmentRegion = en;
			hasScannedForEncodings = 0;
			knownRegions = (
				en,
				Base,
			);
			mainGroup = 2AE5ED6E257634CA005F6374;
			productRefGroup = 2AE5ED78257634CA005F6374 /* Products */;
			projectDirPath = "";
			projectRoot = "";
			targets = (
				2AE5ED76257634CA005F6374 /* ModuleCoreC */,
			);
		};
/* End PBXProject section */

/* Begin PBXResourcesBuildPhase section */
		2AE5ED75257634CA005F6374 /* Resources */ = {
			isa = PBXResourcesBuildPhase;
			buildActionMask = 2147483647;
			files = (
				2AE5ED87257634CB005F6374 /* LaunchScreen.storyboard in Resources */,
				2AE5ED84257634CB005F6374 /* Assets.xcassets in Resources */,
				2AE5ED82257634CA005F6374 /* Main.storyboard in Resources */,
			);
			runOnlyForDeploymentPostprocessing = 0;
		};
/* End PBXResourcesBuildPhase section */

/* Begin PBXShellScriptBuildPhase section */
		098149793E2300F9880BC861 /* [CP] Check Pods Manifest.lock */ = {
			isa = PBXShellScriptBuildPhase;
			buildActionMask = 2147483647;
			files = (
			);
			inputFileListPaths = (
			);
			inputPaths = (
				"${PODS_PODFILE_DIR_PATH}/Podfile.lock",
				"${PODS_ROOT}/Manifest.lock",
			);
			name = "[CP] Check Pods Manifest.lock";
			outputFileListPaths = (
			);
			outputPaths = (
				"$(DERIVED_FILE_DIR)/Pods-ModuleCoreC-checkManifestLockResult.txt",
			);
			runOnlyForDeploymentPostprocessing = 0;
			shellPath = /bin/sh;
			shellScript = "diff \"${PODS_PODFILE_DIR_PATH}/Podfile.lock\" \"${PODS_ROOT}/Manifest.lock\" > /dev/null\nif [ $? != 0 ] ; then\n    # print error to STDERR\n    echo \"error: The sandbox is not in sync with the Podfile.lock. Run 'pod install' or update your CocoaPods installation.\" >&2\n    exit 1\nfi\n# This output is used by Xcode 'outputs' to avoid re-running this script phase.\necho \"SUCCESS\" > \"${SCRIPT_OUTPUT_FILE_0}\"\n";
			showEnvVarsInLog = 0;
		};
		DCF4B45BFF214953E210A837 /* [CP] Embed Pods Frameworks */ = {
			isa = PBXShellScriptBuildPhase;
			buildActionMask = 2147483647;
			files = (
			);
			inputFileListPaths = (
				"${PODS_ROOT}/Target Support Files/Pods-ModuleCoreC/Pods-ModuleCoreC-frameworks-${CONFIGURATION}-input-files.xcfilelist",
			);
			name = "[CP] Embed Pods Frameworks";
			outputFileListPaths = (
				"${PODS_ROOT}/Target Support Files/Pods-ModuleCoreC/Pods-ModuleCoreC-frameworks-${CONFIGURATION}-output-files.xcfilelist",
			);
			runOnlyForDeploymentPostprocessing = 0;
			shellPath = /bin/sh;
			shellScript = "\"${PODS_ROOT}/Target Support Files/Pods-ModuleCoreC/Pods-ModuleCoreC-frameworks.sh\"\n";
			showEnvVarsInLog = 0;
		};
/* End PBXShellScriptBuildPhase section */

/* Begin PBXSourcesBuildPhase section */
		2AE5ED73257634CA005F6374 /* Sources */ = {
			isa = PBXSourcesBuildPhase;
			buildActionMask = 2147483647;
			files = (
				2AE5ED7F257634CA005F6374 /* ViewController.swift in Sources */,
				2AE5ED7B257634CA005F6374 /* AppDelegate.swift in Sources */,
			);
			runOnlyForDeploymentPostprocessing = 0;
		};
/* End PBXSourcesBuildPhase section */

/* Begin PBXVariantGroup section */
		2AE5ED80257634CA005F6374 /* Main.storyboard */ = {
			isa = PBXVariantGroup;
			children = (
				2AE5ED81257634CA005F6374 /* Base */,
			);
			name = Main.storyboard;
			sourceTree = "<group>";
		};
		2AE5ED85257634CB005F6374 /* LaunchScreen.storyboard */ = {
			isa = PBXVariantGroup;
			children = (
				2AE5ED86257634CB005F6374 /* Base */,
			);
			name = LaunchScreen.storyboard;
			sourceTree = "<group>";
		};
/* End PBXVariantGroup section */

/* Begin XCBuildConfiguration section */
		2AE5ED89257634CB005F6374 /* Debug */ = {
			isa = XCBuildConfiguration;
			buildSettings = {
				ALWAYS_SEARCH_USER_PATHS = NO;
				CLANG_ANALYZER_NONNULL = YES;
				CLANG_ANALYZER_NUMBER_OBJECT_CONVERSION = YES_AGGRESSIVE;
				CLANG_CXX_LANGUAGE_STANDARD = "gnu++14";
				CLANG_CXX_LIBRARY = "libc++";
				CLANG_ENABLE_MODULES = YES;
				CLANG_ENABLE_OBJC_ARC = YES;
				CLANG_ENABLE_OBJC_WEAK = YES;
				CLANG_WARN_BLOCK_CAPTURE_AUTORELEASING = YES;
				CLANG_WARN_BOOL_CONVERSION = YES;
				CLANG_WARN_COMMA = YES;
				CLANG_WARN_CONSTANT_CONVERSION = YES;
				CLANG_WARN_DEPRECATED_OBJC_IMPLEMENTATIONS = YES;
				CLANG_WARN_DIRECT_OBJC_ISA_USAGE = YES_ERROR;
				CLANG_WARN_DOCUMENTATION_COMMENTS = YES;
				CLANG_WARN_EMPTY_BODY = YES;
				CLANG_WARN_ENUM_CONVERSION = YES;
				CLANG_WARN_INFINITE_RECURSION = YES;
				CLANG_WARN_INT_CONVERSION = YES;
				CLANG_WARN_NON_LITERAL_NULL_CONVERSION = YES;
				CLANG_WARN_OBJC_IMPLICIT_RETAIN_SELF = YES;
				CLANG_WARN_OBJC_LITERAL_CONVERSION = YES;
				CLANG_WARN_OBJC_ROOT_CLASS = YES_ERROR;
				CLANG_WARN_RANGE_LOOP_ANALYSIS = YES;
				CLANG_WARN_STRICT_PROTOTYPES = YES;
				CLANG_WARN_SUSPICIOUS_MOVE = YES;
				CLANG_WARN_UNGUARDED_AVAILABILITY = YES_AGGRESSIVE;
				CLANG_WARN_UNREACHABLE_CODE = YES;
				CLANG_WARN__DUPLICATE_METHOD_MATCH = YES;
				COPY_PHASE_STRIP = NO;
				DEBUG_INFORMATION_FORMAT = dwarf;
				ENABLE_STRICT_OBJC_MSGSEND = YES;
				ENABLE_TESTABILITY = YES;
				GCC_C_LANGUAGE_STANDARD = gnu11;
				GCC_DYNAMIC_NO_PIC = NO;
				GCC_NO_COMMON_BLOCKS = YES;
				GCC_OPTIMIZATION_LEVEL = 0;
				GCC_PREPROCESSOR_DEFINITIONS = (
					"DEBUG=1",
					"$(inherited)",
				);
				GCC_WARN_64_TO_32_BIT_CONVERSION = YES;
				GCC_WARN_ABOUT_RETURN_TYPE = YES_ERROR;
				GCC_WARN_UNDECLARED_SELECTOR = YES;
				GCC_WARN_UNINITIALIZED_AUTOS = YES_AGGRESSIVE;
				GCC_WARN_UNUSED_FUNCTION = YES;
				GCC_WARN_UNUSED_VARIABLE = YES;
				IPHONEOS_DEPLOYMENT_TARGET = 13.5;
				MTL_ENABLE_DEBUG_INFO = INCLUDE_SOURCE;
				MTL_FAST_MATH = YES;
				ONLY_ACTIVE_ARCH = YES;
				SDKROOT = iphoneos;
				SWIFT_ACTIVE_COMPILATION_CONDITIONS = DEBUG;
				SWIFT_OPTIMIZATION_LEVEL = "-Onone";
			};
			name = Debug;
		};
		2AE5ED8A257634CB005F6374 /* Release */ = {
			isa = XCBuildConfiguration;
			buildSettings = {
				ALWAYS_SEARCH_USER_PATHS = NO;
				CLANG_ANALYZER_NONNULL = YES;
				CLANG_ANALYZER_NUMBER_OBJECT_CONVERSION = YES_AGGRESSIVE;
				CLANG_CXX_LANGUAGE_STANDARD = "gnu++14";
				CLANG_CXX_LIBRARY = "libc++";
				CLANG_ENABLE_MODULES = YES;
				CLANG_ENABLE_OBJC_ARC = YES;
				CLANG_ENABLE_OBJC_WEAK = YES;
				CLANG_WARN_BLOCK_CAPTURE_AUTORELEASING = YES;
				CLANG_WARN_BOOL_CONVERSION = YES;
				CLANG_WARN_COMMA = YES;
				CLANG_WARN_CONSTANT_CONVERSION = YES;
				CLANG_WARN_DEPRECATED_OBJC_IMPLEMENTATIONS = YES;
				CLANG_WARN_DIRECT_OBJC_ISA_USAGE = YES_ERROR;
				CLANG_WARN_DOCUMENTATION_COMMENTS = YES;
				CLANG_WARN_EMPTY_BODY = YES;
				CLANG_WARN_ENUM_CONVERSION = YES;
				CLANG_WARN_INFINITE_RECURSION = YES;
				CLANG_WARN_INT_CONVERSION = YES;
				CLANG_WARN_NON_LITERAL_NULL_CONVERSION = YES;
				CLANG_WARN_OBJC_IMPLICIT_RETAIN_SELF = YES;
				CLANG_WARN_OBJC_LITERAL_CONVERSION = YES;
				CLANG_WARN_OBJC_ROOT_CLASS = YES_ERROR;
				CLANG_WARN_RANGE_LOOP_ANALYSIS = YES;
				CLANG_WARN_STRICT_PROTOTYPES = YES;
				CLANG_WARN_SUSPICIOUS_MOVE = YES;
				CLANG_WARN_UNGUARDED_AVAILABILITY = YES_AGGRESSIVE;
				CLANG_WARN_UNREACHABLE_CODE = YES;
				CLANG_WARN__DUPLICATE_METHOD_MATCH = YES;
				COPY_PHASE_STRIP = NO;
				DEBUG_INFORMATION_FORMAT = "dwarf-with-dsym";
				ENABLE_NS_ASSERTIONS = NO;
				ENABLE_STRICT_OBJC_MSGSEND = YES;
				GCC_C_LANGUAGE_STANDARD = gnu11;
				GCC_NO_COMMON_BLOCKS = YES;
				GCC_WARN_64_TO_32_BIT_CONVERSION = YES;
				GCC_WARN_ABOUT_RETURN_TYPE = YES_ERROR;
				GCC_WARN_UNDECLARED_SELECTOR = YES;
				GCC_WARN_UNINITIALIZED_AUTOS = YES_AGGRESSIVE;
				GCC_WARN_UNUSED_FUNCTION = YES;
				GCC_WARN_UNUSED_VARIABLE = YES;
				IPHONEOS_DEPLOYMENT_TARGET = 13.5;
				MTL_ENABLE_DEBUG_INFO = NO;
				MTL_FAST_MATH = YES;
				SDKROOT = iphoneos;
				SWIFT_COMPILATION_MODE = wholemodule;
				SWIFT_OPTIMIZATION_LEVEL = "-O";
				VALIDATE_PRODUCT = YES;
			};
			name = Release;
		};
		2AE5ED8C257634CB005F6374 /* Debug */ = {
			isa = XCBuildConfiguration;
			baseConfigurationReference = 696BAE8F50DAF4049082821D /* Pods-ModuleCoreC.debug.xcconfig */;
			buildSettings = {
				ASSETCATALOG_COMPILER_APPICON_NAME = AppIcon;
				CODE_SIGN_STYLE = Automatic;
				INFOPLIST_FILE = ModuleCoreC/Info.plist;
				IPHONEOS_DEPLOYMENT_TARGET = 10.0;
				LD_RUNPATH_SEARCH_PATHS = (
					"$(inherited)",
					"@executable_path/Frameworks",
				);
				PRODUCT_BUNDLE_IDENTIFIER = com.changdu.www.ModuleCoreC;
				PRODUCT_NAME = "$(TARGET_NAME)";
				SWIFT_VERSION = 5.0;
				TARGETED_DEVICE_FAMILY = "1,2";
			};
			name = Debug;
		};
		2AE5ED8D257634CB005F6374 /* Release */ = {
			isa = XCBuildConfiguration;
			baseConfigurationReference = BE700EBD2A11FEACE4FEE9E7 /* Pods-ModuleCoreC.release.xcconfig */;
			buildSettings = {
				ASSETCATALOG_COMPILER_APPICON_NAME = AppIcon;
				CODE_SIGN_STYLE = Automatic;
				INFOPLIST_FILE = ModuleCoreC/Info.plist;
				IPHONEOS_DEPLOYMENT_TARGET = 10.0;
				LD_RUNPATH_SEARCH_PATHS = (
					"$(inherited)",
					"@executable_path/Frameworks",
				);
				PRODUCT_BUNDLE_IDENTIFIER = com.changdu.www.ModuleCoreC;
				PRODUCT_NAME = "$(TARGET_NAME)";
				SWIFT_VERSION = 5.0;
				TARGETED_DEVICE_FAMILY = "1,2";
			};
			name = Release;
		};
/* End XCBuildConfiguration section */

/* Begin XCConfigurationList section */
		2AE5ED72257634CA005F6374 /* Build configuration list for PBXProject "ModuleCoreC" */ = {
			isa = XCConfigurationList;
			buildConfigurations = (
				2AE5ED89257634CB005F6374 /* Debug */,
				2AE5ED8A257634CB005F6374 /* Release */,
			);
			defaultConfigurationIsVisible = 0;
			defaultConfigurationName = Release;
		};
		2AE5ED8B257634CB005F6374 /* Build configuration list for PBXNativeTarget "ModuleCoreC" */ = {
			isa = XCConfigurationList;
			buildConfigurations = (
				2AE5ED8C257634CB005F6374 /* Debug */,
				2AE5ED8D257634CB005F6374 /* Release */,
			);
			defaultConfigurationIsVisible = 0;
			defaultConfigurationName = Release;
		};
/* End XCConfigurationList section */
	};
	rootObject = 2AE5ED6F257634CA005F6374 /* Project object */;
}
